
Microsoft Visual Studio Solution File, Format Version 12.00
# Visual Studio Version 17
VisualStudioVersion = 17.5.33414.496
MinimumVisualStudioVersion = 10.0.40219.1
Project("{FAE04EC0-301F-11D3-BF4B-00C04F79EFBC}") = "Func2funcwithSysMI", "funcadotnet\Func2funcwithSysMI.csproj", "{BD451DB7-E723-4B73-A566-0FD8AB6684B6}"
EndProject
Project("{9A19103F-16F7-4668-BE54-9A1E7A4F7556}") = "funcbdotnet", "funcbdotnet\funcbdotnet.csproj", "{042FDB76-12E1-473C-97E9-D3AE59488274}"
EndProject
Global
	GlobalSection(SolutionConfigurationPlatforms) = preSolution
		Debug|Any CPU = Debug|Any CPU
		Release|Any CPU = Release|Any CPU
	EndGlobalSection
	GlobalSection(ProjectConfigurationPlatforms) = postSolution
		{BD451DB7-E723-4B73-A566-0FD8AB6684B6}.Debug|Any CPU.ActiveCfg = Debug|Any CPU
		{BD451DB7-E723-4B73-A566-0FD8AB6684B6}.Debug|Any CPU.Build.0 = Debug|Any CPU
		{BD451DB7-E723-4B73-A566-0FD8AB6684B6}.Release|Any CPU.ActiveCfg = Release|Any CPU
		{BD451DB7-E723-4B73-A566-0FD8AB6684B6}.Release|Any CPU.Build.0 = Release|Any CPU
		{042FDB76-12E1-473C-97E9-D3AE59488274}.Debug|Any CPU.ActiveCfg = Debug|Any CPU
		{042FDB76-12E1-473C-97E9-D3AE59488274}.Debug|Any CPU.Build.0 = Debug|Any CPU
		{042FDB76-12E1-473C-97E9-D3AE59488274}.Release|Any CPU.ActiveCfg = Release|Any CPU
		{042FDB76-12E1-473C-97E9-D3AE59488274}.Release|Any CPU.Build.0 = Release|Any CPU
	EndGlobalSection
	GlobalSection(SolutionProperties) = preSolution
		HideSolutionNode = FALSE
	EndGlobalSection
	GlobalSection(ExtensibilityGlobals) = postSolution
		SolutionGuid = {DC103CD2-7911-42AB-B324-1B6201BCB543}
	EndGlobalSection
EndGlobal
